// !$*UTF8*$!
{
	archiveVersion = 1;
	classes = {
	};
	objectVersion = 50;
	objects = {

/* Begin PBXBuildFile section */
		135A901C231C71D100B0DE27 /* AppDelegate.swift in Sources */ = {isa = PBXBuildFile; fileRef = 135A901B231C71D100B0DE27 /* AppDelegate.swift */; };
		135A901E231C71D100B0DE27 /* ViewController.swift in Sources */ = {isa = PBXBuildFile; fileRef = 135A901D231C71D100B0DE27 /* ViewController.swift */; };
		135A9021231C71D100B0DE27 /* Main.storyboard in Resources */ = {isa = PBXBuildFile; fileRef = 135A901F231C71D100B0DE27 /* Main.storyboard */; };
		135A9023231C71D300B0DE27 /* Assets.xcassets in Resources */ = {isa = PBXBuildFile; fileRef = 135A9022231C71D300B0DE27 /* Assets.xcassets */; };
		135A9026231C71D300B0DE27 /* LaunchScreen.storyboard in Resources */ = {isa = PBXBuildFile; fileRef = 135A9024231C71D300B0DE27 /* LaunchScreen.storyboard */; };
		135A9031231C71D300B0DE27 /* WordscrambleTests.swift in Sources */ = {isa = PBXBuildFile; fileRef = 135A9030231C71D300B0DE27 /* WordscrambleTests.swift */; };
/* End PBXBuildFile section */

/* Begin PBXContainerItemProxy section */
		135A902D231C71D300B0DE27 /* PBXContainerItemProxy */ = {
			isa = PBXContainerItemProxy;
			containerPortal = 135A9010231C71D100B0DE27 /* Project object */;
			proxyType = 1;
			remoteGlobalIDString = 135A9017231C71D100B0DE27;
			remoteInfo = Wordscramble;
		};
/* End PBXContainerItemProxy section */

/* Begin PBXFileReference section */
		135A9018231C71D100B0DE27 /* Wordscramble.app */ = {isa = PBXFileReference; explicitFileType = wrapper.application; includeInIndex = 0; path = Wordscramble.app; sourceTree = BUILT_PRODUCTS_DIR; };
		135A901B231C71D100B0DE27 /* AppDelegate.swift */ = {isa = PBXFileReference; lastKnownFileType = sourcecode.swift; path = AppDelegate.swift; sourceTree = "<group>"; };
		135A901D231C71D100B0DE27 /* ViewController.swift */ = {isa = PBXFileReference; lastKnownFileType = sourcecode.swift; path = ViewController.swift; sourceTree = "<group>"; };
		135A9020231C71D100B0DE27 /* Base */ = {isa = PBXFileReference; lastKnownFileType = file.storyboard; name = Base; path = Base.lproj/Main.storyboard; sourceTree = "<group>"; };
		135A9022231C71D300B0DE27 /* Assets.xcassets */ = {isa = PBXFileReference; lastKnownFileType = folder.assetcatalog; path = Assets.xcassets; sourceTree = "<group>"; };
		135A9025231C71D300B0DE27 /* Base */ = {isa = PBXFileReference; lastKnownFileType = file.storyboard; name = Base; path = Base.lproj/LaunchScreen.storyboard; sourceTree = "<group>"; };
		135A9027231C71D300B0DE27 /* Info.plist */ = {isa = PBXFileReference; lastKnownFileType = text.plist.xml; path = Info.plist; sourceTree = "<group>"; };
		135A902C231C71D300B0DE27 /* WordscrambleTests.xctest */ = {isa = PBXFileReference; explicitFileType = wrapper.cfbundle; includeInIndex = 0; path = WordscrambleTests.xctest; sourceTree = BUILT_PRODUCTS_DIR; };
		135A9030231C71D300B0DE27 /* WordscrambleTests.swift */ = {isa = PBXFileReference; lastKnownFileType = sourcecode.swift; path = WordscrambleTests.swift; sourceTree = "<group>"; };
		135A9032231C71D300B0DE27 /* Info.plist */ = {isa = PBXFileReference; lastKnownFileType = text.plist.xml; path = Info.plist; sourceTree = "<group>"; };
/* End PBXFileReference section */

/* Begin PBXFrameworksBuildPhase section */
		135A9015231C71D100B0DE27 /* Frameworks */ = {
			isa = PBXFrameworksBuildPhase;
			buildActionMask = 2147483647;
			files = (
			);
			runOnlyForDeploymentPostprocessing = 0;
		};
		135A9029231C71D300B0DE27 /* Frameworks */ = {
			isa = PBXFrameworksBuildPhase;
			buildActionMask = 2147483647;
			files = (
			);
			runOnlyForDeploymentPostprocessing = 0;
		};
/* End PBXFrameworksBuildPhase section */

/* Begin PBXGroup section */
		135A900F231C71D100B0DE27 = {
			isa = PBXGroup;
			children = (
				135A901A231C71D100B0DE27 /* Wordscramble */,
				135A902F231C71D300B0DE27 /* WordscrambleTests */,
				135A9019231C71D100B0DE27 /* Products */,
			);
			sourceTree = "<group>";
		};
		135A9019231C71D100B0DE27 /* Products */ = {
			isa = PBXGroup;
			children = (
				135A9018231C71D100B0DE27 /* Wordscramble.app */,
				135A902C231C71D300B0DE27 /* WordscrambleTests.xctest */,
			);
			name = Products;
			sourceTree = "<group>";
		};
		135A901A231C71D100B0DE27 /* Wordscramble */ = {
			isa = PBXGroup;
			children = (
				135A901B231C71D100B0DE27 /* AppDelegate.swift */,
				135A901D231C71D100B0DE27 /* ViewController.swift */,
				135A901F231C71D100B0DE27 /* Main.storyboard */,
				135A9022231C71D300B0DE27 /* Assets.xcassets */,
				135A9024231C71D300B0DE27 /* LaunchScreen.storyboard */,
				135A9027231C71D300B0DE27 /* Info.plist */,
			);
			path = Wordscramble;
			sourceTree = "<group>";
		};
		135A902F231C71D300B0DE27 /* WordscrambleTests */ = {
			isa = PBXGroup;
			children = (
				135A9030231C71D300B0DE27 /* WordscrambleTests.swift */,
				135A9032231C71D300B0DE27 /* Info.plist */,
			);
			path = WordscrambleTests;
			sourceTree = "<group>";
		};
/* End PBXGroup section */

/* Begin PBXNativeTarget section */
		135A9017231C71D100B0DE27 /* Wordscramble */ = {
			isa = PBXNativeTarget;
			buildConfigurationList = 135A9035231C71D300B0DE27 /* Build configuration list for PBXNativeTarget "Wordscramble" */;
			buildPhases = (
				135A9014231C71D100B0DE27 /* Sources */,
				135A9015231C71D100B0DE27 /* Frameworks */,
				135A9016231C71D100B0DE27 /* Resources */,
			);
			buildRules = (
			);
			dependencies = (
			);
			name = Wordscramble;
			productName = Wordscramble;
			productReference = 135A9018231C71D100B0DE27 /* Wordscramble.app */;
			productType = "com.apple.product-type.application";
		};
		135A902B231C71D300B0DE27 /* WordscrambleTests */ = {
			isa = PBXNativeTarget;
			buildConfigurationList = 135A9038231C71D300B0DE27 /* Build configuration list for PBXNativeTarget "WordscrambleTests" */;
			buildPhases = (
				135A9028231C71D300B0DE27 /* Sources */,
				135A9029231C71D300B0DE27 /* Frameworks */,
				135A902A231C71D300B0DE27 /* Resources */,
			);
			buildRules = (
			);
			dependencies = (
				135A902E231C71D300B0DE27 /* PBXTargetDependency */,
			);
			name = WordscrambleTests;
			productName = WordscrambleTests;
			productReference = 135A902C231C71D300B0DE27 /* WordscrambleTests.xctest */;
			productType = "com.apple.product-type.bundle.unit-test";
		};
/* End PBXNativeTarget section */

/* Begin PBXProject section */
		135A9010231C71D100B0DE27 /* Project object */ = {
			isa = PBXProject;
			attributes = {
				LastSwiftUpdateCheck = 1030;
				LastUpgradeCheck = 1030;
				ORGANIZATIONNAME = "Tianqi Liu";
				TargetAttributes = {
					135A9017231C71D100B0DE27 = {
						CreatedOnToolsVersion = 10.3;
					};
					135A902B231C71D300B0DE27 = {
						CreatedOnToolsVersion = 10.3;
						TestTargetID = 135A9017231C71D100B0DE27;
					};
				};
			};
			buildConfigurationList = 135A9013231C71D100B0DE27 /* Build configuration list for PBXProject "Wordscramble" */;
			compatibilityVersion = "Xcode 9.3";
			developmentRegion = en;
			hasScannedForEncodings = 0;
			knownRegions = (
				en,
				Base,
			);
			mainGroup = 135A900F231C71D100B0DE27;
			productRefGroup = 135A9019231C71D100B0DE27 /* Products */;
			projectDirPath = "";
			projectRoot = "";
			targets = (
				135A9017231C71D100B0DE27 /* Wordscramble */,
				135A902B231C71D300B0DE27 /* WordscrambleTests */,
			);
		};
/* End PBXProject section */

/* Begin PBXResourcesBuildPhase section */
		135A9016231C71D100B0DE27 /* Resources */ = {
			isa = PBXResourcesBuildPhase;
			buildActionMask = 2147483647;
			files = (
				135A9026231C71D300B0DE27 /* LaunchScreen.storyboard in Resources */,
				135A9023231C71D300B0DE27 /* Assets.xcassets in Resources */,
				135A9021231C71D100B0DE27 /* Main.storyboard in Resources */,
			);
			runOnlyForDeploymentPostprocessing = 0;
		};
		135A902A231C71D300B0DE27 /* Resources */ = {
			isa = PBXResourcesBuildPhase;
			buildActionMask = 2147483647;
			files = (
			);
			runOnlyForDeploymentPostprocessing = 0;
		};
/* End PBXResourcesBuildPhase section */

/* Begin PBXSourcesBuildPhase section */
		135A9014231C71D100B0DE27 /* Sources */ = {
			isa = PBXSourcesBuildPhase;
			buildActionMask = 2147483647;
			files = (
				135A901E231C71D100B0DE27 /* ViewController.swift in Sources */,
				135A901C231C71D100B0DE27 /* AppDelegate.swift in Sources */,
			);
			runOnlyForDeploymentPostprocessing = 0;
		};
		135A9028231C71D300B0DE27 /* Sources */ = {
			isa = PBXSourcesBuildPhase;
			buildActionMask = 2147483647;
			files = (
				135A9031231C71D300B0DE27 /* WordscrambleTests.swift in Sources */,
			);
			runOnlyForDeploymentPostprocessing = 0;
		};
/* End PBXSourcesBuildPhase section */

/* Begin PBXTargetDependency section */
		135A902E231C71D300B0DE27 /* PBXTargetDependency */ = {
			isa = PBXTargetDependency;
			target = 135A9017231C71D100B0DE27 /* Wordscramble */;
			targetProxy = 135A902D231C71D300B0DE27 /* PBXContainerItemProxy */;
		};
/* End PBXTargetDependency section */

/* Begin PBXVariantGroup section */
		135A901F231C71D100B0DE27 /* Main.storyboard */ = {
			isa = PBXVariantGroup;
			children = (
				135A9020231C71D100B0DE27 /* Base */,
			);
			name = Main.storyboard;
			sourceTree = "<group>";
		};
		135A9024231C71D300B0DE27 /* LaunchScreen.storyboard */ = {
			isa = PBXVariantGroup;
			children = (
				135A9025231C71D300B0DE27 /* Base */,
			);
			name = LaunchScreen.storyboard;
			sourceTree = "<group>";
		};
/* End PBXVariantGroup section */

/* Begin XCBuildConfiguration section */
		135A9033231C71D300B0DE27 /* Debug */ = {
			isa = XCBuildConfiguration;
			buildSettings = {
				ALWAYS_SEARCH_USER_PATHS = NO;
				CLANG_ANALYZER_NONNULL = YES;
				CLANG_ANALYZER_NUMBER_OBJECT_CONVERSION = YES_AGGRESSIVE;
				CLANG_CXX_LANGUAGE_STANDARD = "gnu++14";
				CLANG_CXX_LIBRARY = "libc++";
				CLANG_ENABLE_MODULES = YES;
				CLANG_ENABLE_OBJC_ARC = YES;
				CLANG_ENABLE_OBJC_WEAK = YES;
				CLANG_WARN_BLOCK_CAPTURE_AUTORELEASING = YES;
				CLANG_WARN_BOOL_CONVERSION = YES;
				CLANG_WARN_COMMA = YES;
				CLANG_WARN_CONSTANT_CONVERSION = YES;
				CLANG_WARN_DEPRECATED_OBJC_IMPLEMENTATIONS = YES;
				CLANG_WARN_DIRECT_OBJC_ISA_USAGE = YES_ERROR;
				CLANG_WARN_DOCUMENTATION_COMMENTS = YES;
				CLANG_WARN_EMPTY_BODY = YES;
				CLANG_WARN_ENUM_CONVERSION = YES;
				CLANG_WARN_INFINITE_RECURSION = YES;
				CLANG_WARN_INT_CONVERSION = YES;
				CLANG_WARN_NON_LITERAL_NULL_CONVERSION = YES;
				CLANG_WARN_OBJC_IMPLICIT_RETAIN_SELF = YES;
				CLANG_WARN_OBJC_LITERAL_CONVERSION = YES;
				CLANG_WARN_OBJC_ROOT_CLASS = YES_ERROR;
				CLANG_WARN_RANGE_LOOP_ANALYSIS = YES;
				CLANG_WARN_STRICT_PROTOTYPES = YES;
				CLANG_WARN_SUSPICIOUS_MOVE = YES;
				CLANG_WARN_UNGUARDED_AVAILABILITY = YES_AGGRESSIVE;
				CLANG_WARN_UNREACHABLE_CODE = YES;
				CLANG_WARN__DUPLICATE_METHOD_MATCH = YES;
				CODE_SIGN_IDENTITY = "iPhone Developer";
				COPY_PHASE_STRIP = NO;
				DEBUG_INFORMATION_FORMAT = dwarf;
				ENABLE_STRICT_OBJC_MSGSEND = YES;
				ENABLE_TESTABILITY = YES;
				GCC_C_LANGUAGE_STANDARD = gnu11;
				GCC_DYNAMIC_NO_PIC = NO;
				GCC_NO_COMMON_BLOCKS = YES;
				GCC_OPTIMIZATION_LEVEL = 0;
				GCC_PREPROCESSOR_DEFINITIONS = (
					"DEBUG=1",
					"$(inherited)",
				);
				GCC_WARN_64_TO_32_BIT_CONVERSION = YES;
				GCC_WARN_ABOUT_RETURN_TYPE = YES_ERROR;
				GCC_WARN_UNDECLARED_SELECTOR = YES;
				GCC_WARN_UNINITIALIZED_AUTOS = YES_AGGRESSIVE;
				GCC_WARN_UNUSED_FUNCTION = YES;
				GCC_WARN_UNUSED_VARIABLE = YES;
				IPHONEOS_DEPLOYMENT_TARGET = 12.4;
				MTL_ENABLE_DEBUG_INFO = INCLUDE_SOURCE;
				MTL_FAST_MATH = YES;
				ONLY_ACTIVE_ARCH = YES;
				SDKROOT = iphoneos;
				SWIFT_ACTIVE_COMPILATION_CONDITIONS = DEBUG;
				SWIFT_OPTIMIZATION_LEVEL = "-Onone";
			};
			name = Debug;
		};
		135A9034231C71D300B0DE27 /* Release */ = {
			isa = XCBuildConfiguration;
			buildSettings = {
				ALWAYS_SEARCH_USER_PATHS = NO;
				CLANG_ANALYZER_NONNULL = YES;
				CLANG_ANALYZER_NUMBER_OBJECT_CONVERSION = YES_AGGRESSIVE;
				CLANG_CXX_LANGUAGE_STANDARD = "gnu++14";
				CLANG_CXX_LIBRARY = "libc++";
				CLANG_ENABLE_MODULES = YES;
				CLANG_ENABLE_OBJC_ARC = YES;
				CLANG_ENABLE_OBJC_WEAK = YES;
				CLANG_WARN_BLOCK_CAPTURE_AUTORELEASING = YES;
				CLANG_WARN_BOOL_CONVERSION = YES;
				CLANG_WARN_COMMA = YES;
				CLANG_WARN_CONSTANT_CONVERSION = YES;
				CLANG_WARN_DEPRECATED_OBJC_IMPLEMENTATIONS = YES;
				CLANG_WARN_DIRECT_OBJC_ISA_USAGE = YES_ERROR;
				CLANG_WARN_DOCUMENTATION_COMMENTS = YES;
				CLANG_WARN_EMPTY_BODY = YES;
				CLANG_WARN_ENUM_CONVERSION = YES;
				CLANG_WARN_INFINITE_RECURSION = YES;
				CLANG_WARN_INT_CONVERSION = YES;
				CLANG_WARN_NON_LITERAL_NULL_CONVERSION = YES;
				CLANG_WARN_OBJC_IMPLICIT_RETAIN_SELF = YES;
				CLANG_WARN_OBJC_LITERAL_CONVERSION = YES;
				CLANG_WARN_OBJC_ROOT_CLASS = YES_ERROR;
				CLANG_WARN_RANGE_LOOP_ANALYSIS = YES;
				CLANG_WARN_STRICT_PROTOTYPES = YES;
				CLANG_WARN_SUSPICIOUS_MOVE = YES;
				CLANG_WARN_UNGUARDED_AVAILABILITY = YES_AGGRESSIVE;
				CLANG_WARN_UNREACHABLE_CODE = YES;
				CLANG_WARN__DUPLICATE_METHOD_MATCH = YES;
				CODE_SIGN_IDENTITY = "iPhone Developer";
				COPY_PHASE_STRIP = NO;
				DEBUG_INFORMATION_FORMAT = "dwarf-with-dsym";
				ENABLE_NS_ASSERTIONS = NO;
				ENABLE_STRICT_OBJC_MSGSEND = YES;
				GCC_C_LANGUAGE_STANDARD = gnu11;
				GCC_NO_COMMON_BLOCKS = YES;
				GCC_WARN_64_TO_32_BIT_CONVERSION = YES;
				GCC_WARN_ABOUT_RETURN_TYPE = YES_ERROR;
				GCC_WARN_UNDECLARED_SELECTOR = YES;
				GCC_WARN_UNINITIALIZED_AUTOS = YES_AGGRESSIVE;
				GCC_WARN_UNUSED_FUNCTION = YES;
				GCC_WARN_UNUSED_VARIABLE = YES;
				IPHONEOS_DEPLOYMENT_TARGET = 12.4;
				MTL_ENABLE_DEBUG_INFO = NO;
				MTL_FAST_MATH = YES;
				SDKROOT = iphoneos;
				SWIFT_COMPILATION_MODE = wholemodule;
				SWIFT_OPTIMIZATION_LEVEL = "-O";
				VALIDATE_PRODUCT = YES;
			};
			name = Release;
		};
		135A9036231C71D300B0DE27 /* Debug */ = {
			isa = XCBuildConfiguration;
			buildSettings = {
				ASSETCATALOG_COMPILER_APPICON_NAME = AppIcon;
				CODE_SIGN_STYLE = Automatic;
				INFOPLIST_FILE = Wordscramble/Info.plist;
				LD_RUNPATH_SEARCH_PATHS = (
					"$(inherited)",
					"@executable_path/Frameworks",
				);
				PRODUCT_BUNDLE_IDENTIFIER = edu.psu.cse.tzl60.Wordscramble;
				PRODUCT_NAME = "$(TARGET_NAME)";
				SWIFT_VERSION = 5.0;
				TARGETED_DEVICE_FAMILY = "1,2";
			};
			name = Debug;
		};
		135A9037231C71D300B0DE27 /* Release */ = {
			isa = XCBuildConfiguration;
			buildSettings = {
				ASSETCATALOG_COMPILER_APPICON_NAME = AppIcon;
				CODE_SIGN_STYLE = Automatic;
				INFOPLIST_FILE = Wordscramble/Info.plist;
				LD_RUNPATH_SEARCH_PATHS = (
					"$(inherited)",
					"@executable_path/Frameworks",
				);
				PRODUCT_BUNDLE_IDENTIFIER = edu.psu.cse.tzl60.Wordscramble;
				PRODUCT_NAME = "$(TARGET_NAME)";
				SWIFT_VERSION = 5.0;
				TARGETED_DEVICE_FAMILY = "1,2";
			};
			name = Release;
		};
		135A9039231C71D300B0DE27 /* Debug */ = {
			isa = XCBuildConfiguration;
			buildSettings = {
				ALWAYS_EMBED_SWIFT_STANDARD_LIBRARIES = YES;
				BUNDLE_LOADER = "$(TEST_HOST)";
				CODE_SIGN_STYLE = Automatic;
				INFOPLIST_FILE = WordscrambleTests/Info.plist;
				LD_RUNPATH_SEARCH_PATHS = (
					"$(inherited)",
					"@executable_path/Frameworks",
					"@loader_path/Frameworks",
				);
				PRODUCT_BUNDLE_IDENTIFIER = edu.psu.cse.tzl60.WordscrambleTests;
				PRODUCT_NAME = "$(TARGET_NAME)";
				SWIFT_VERSION = 5.0;
				TARGETED_DEVICE_FAMILY = "1,2";
				TEST_HOST = "$(BUILT_PRODUCTS_DIR)/Wordscramble.app/Wordscramble";
			};
			name = Debug;
		};
		135A903A231C71D300B0DE27 /* Release */ = {
			isa = XCBuildConfiguration;
			buildSettings = {
				ALWAYS_EMBED_SWIFT_STANDARD_LIBRARIES = YES;
				BUNDLE_LOADER = "$(TEST_HOST)";
				CODE_SIGN_STYLE = Automatic;
				INFOPLIST_FILE = WordscrambleTests/Info.plist;
				LD_RUNPATH_SEARCH_PATHS = (
					"$(inherited)",
					"@executable_path/Frameworks",
					"@loader_path/Frameworks",
				);
				PRODUCT_BUNDLE_IDENTIFIER = edu.psu.cse.tzl60.WordscrambleTests;
				PRODUCT_NAME = "$(TARGET_NAME)";
				SWIFT_VERSION = 5.0;
				TARGETED_DEVICE_FAMILY = "1,2";
				TEST_HOST = "$(BUILT_PRODUCTS_DIR)/Wordscramble.app/Wordscramble";
			};
			name = Release;
		};
/* End XCBuildConfiguration section */

/* Begin XCConfigurationList section */
		135A9013231C71D100B0DE27 /* Build configuration list for PBXProject "Wordscramble" */ = {
			isa = XCConfigurationList;
			buildConfigurations = (
				135A9033231C71D300B0DE27 /* Debug */,
				135A9034231C71D300B0DE27 /* Release */,
			);
			defaultConfigurationIsVisible = 0;
			defaultConfigurationName = Release;
		};
		135A9035231C71D300B0DE27 /* Build configuration list for PBXNativeTarget "Wordscramble" */ = {
			isa = XCConfigurationList;
			buildConfigurations = (
				135A9036231C71D300B0DE27 /* Debug */,
				135A9037231C71D300B0DE27 /* Release */,
			);
			defaultConfigurationIsVisible = 0;
			defaultConfigurationName = Release;
		};
		135A9038231C71D300B0DE27 /* Build configuration list for PBXNativeTarget "WordscrambleTests" */ = {
			isa = XCConfigurationList;
			buildConfigurations = (
				135A9039231C71D300B0DE27 /* Debug */,
				135A903A231C71D300B0DE27 /* Release */,
			);
			defaultConfigurationIsVisible = 0;
			defaultConfigurationName = Release;
		};
/* End XCConfigurationList section */
	};
	rootObject = 135A9010231C71D100B0DE27 /* Project object */;
}
